
Microsoft Visual Studio Solution File, Format Version 12.00
# Visual Studio 14
VisualStudioVersion = 14.0.25420.1
MinimumVisualStudioVersion = 10.0.40219.1
Project("{2150E333-8FDC-42A3-9474-1A3956D46DE8}") = "Applications", "Applications", "{8828B4DF-D0C9-4685-BC9C-E09C0FC90045}"
EndProject
Project("{FAE04EC0-301F-11D3-BF4B-00C04F79EFBC}") = "DiscId-v4.5", "DiscId\DiscId-v4.5.csproj", "{401FF06E-8724-4976-9946-DE3424A1C845}"
EndProject
Project("{2150E333-8FDC-42A3-9474-1A3956D46DE8}") = "Libraries", "Libraries", "{D8123B46-C027-4749-BB82-0196D058B845}"
EndProject
Project("{FAE04EC0-301F-11D3-BF4B-00C04F79EFBC}") = "MetaBrainz.MusicBrainz-v4.5", "MetaBrainz.MusicBrainz\MetaBrainz.MusicBrainz-v4.5.csproj", "{662BD624-2529-405F-9AC5-925C4401FB45}"
EndProject
Project("{FAE04EC0-301F-11D3-BF4B-00C04F79EFBC}") = "MetaBrainz.MusicBrainz.CoverArt-v4.5", "MetaBrainz.MusicBrainz.CoverArt\MetaBrainz.MusicBrainz.CoverArt-v4.5.csproj", "{59B631FF-FF1E-40B6-BA82-12FEB35C2A45}"
EndProject
Project("{FAE04EC0-301F-11D3-BF4B-00C04F79EFBC}") = "MetaBrainz.MusicBrainz.DiscId-v4.5", "MetaBrainz.MusicBrainz.DiscId\MetaBrainz.MusicBrainz.DiscId-v4.5.csproj", "{0686B2DB-E960-4602-B2FC-6747C6AB4845}"
EndProject
Project("{2150E333-8FDC-42A3-9474-1A3956D46DE8}") = "Support Files", "Support Files", "{F997B31A-CF25-4C63-BEB5-172F7E13D9B3}"
	ProjectSection(SolutionItems) = preProject
		.travis.yml = .travis.yml
		build\Common.msprop = build\Common.msprop
		build\FrameworkVersion.DefineConstants.msprop = build\FrameworkVersion.DefineConstants.msprop
		nuget\MetaBrainz.MusicBrainz.nuspec = nuget\MetaBrainz.MusicBrainz.nuspec
		nuget\MetaBrainz.MusicBrainz.CoverArt.nuspec = nuget\MetaBrainz.MusicBrainz.CoverArt.nuspec
		nuget\MetaBrainz.MusicBrainz.DiscId.nuspec = nuget\MetaBrainz.MusicBrainz.DiscId.nuspec
		nuget\nuget.msprop = nuget\nuget.msprop
		nuget\nuget.proj = nuget\nuget.proj
		README.md = README.md
	EndProjectSection
EndProject
Global
	GlobalSection(SolutionConfigurationPlatforms) = preSolution
		Debug|Any CPU = Debug|Any CPU
		Release|Any CPU = Release|Any CPU
	EndGlobalSection
	GlobalSection(ProjectConfigurationPlatforms) = postSolution
		{401FF06E-8724-4976-9946-DE3424A1C845}.Debug|Any CPU.ActiveCfg = Debug|Any CPU
		{401FF06E-8724-4976-9946-DE3424A1C845}.Debug|Any CPU.Build.0 = Debug|Any CPU
		{401FF06E-8724-4976-9946-DE3424A1C845}.Release|Any CPU.ActiveCfg = Release|Any CPU
		{401FF06E-8724-4976-9946-DE3424A1C845}.Release|Any CPU.Build.0 = Release|Any CPU
		{662BD624-2529-405F-9AC5-925C4401FB45}.Debug|Any CPU.ActiveCfg = Debug|Any CPU
		{662BD624-2529-405F-9AC5-925C4401FB45}.Debug|Any CPU.Build.0 = Debug|Any CPU
		{662BD624-2529-405F-9AC5-925C4401FB45}.Release|Any CPU.ActiveCfg = Release|Any CPU
		{662BD624-2529-405F-9AC5-925C4401FB45}.Release|Any CPU.Build.0 = Release|Any CPU
		{59B631FF-FF1E-40B6-BA82-12FEB35C2A45}.Debug|Any CPU.ActiveCfg = Debug|Any CPU
		{59B631FF-FF1E-40B6-BA82-12FEB35C2A45}.Debug|Any CPU.Build.0 = Debug|Any CPU
		{59B631FF-FF1E-40B6-BA82-12FEB35C2A45}.Release|Any CPU.ActiveCfg = Release|Any CPU
		{59B631FF-FF1E-40B6-BA82-12FEB35C2A45}.Release|Any CPU.Build.0 = Release|Any CPU
		{0686B2DB-E960-4602-B2FC-6747C6AB4845}.Debug|Any CPU.ActiveCfg = Debug|Any CPU
		{0686B2DB-E960-4602-B2FC-6747C6AB4845}.Debug|Any CPU.Build.0 = Debug|Any CPU
		{0686B2DB-E960-4602-B2FC-6747C6AB4845}.Release|Any CPU.ActiveCfg = Release|Any CPU
		{0686B2DB-E960-4602-B2FC-6747C6AB4845}.Release|Any CPU.Build.0 = Release|Any CPU
	EndGlobalSection
	GlobalSection(SolutionProperties) = preSolution
		HideSolutionNode = FALSE
	EndGlobalSection
	GlobalSection(NestedProjects) = preSolution
		{401FF06E-8724-4976-9946-DE3424A1C845} = {8828B4DF-D0C9-4685-BC9C-E09C0FC90045}
		{662BD624-2529-405F-9AC5-925C4401FB45} = {D8123B46-C027-4749-BB82-0196D058B845}
		{59B631FF-FF1E-40B6-BA82-12FEB35C2A45} = {D8123B46-C027-4749-BB82-0196D058B845}
		{0686B2DB-E960-4602-B2FC-6747C6AB4845} = {D8123B46-C027-4749-BB82-0196D058B845}
	EndGlobalSection
EndGlobal
