
Microsoft Visual Studio Solution File, Format Version 12.00
# Visual Studio 14
VisualStudioVersion = 14.0.25420.1
MinimumVisualStudioVersion = 10.0.40219.1
Project("{2150E333-8FDC-42A3-9474-1A3956D46DE8}") = ".NET 2.0", ".NET 2.0", "{B27B775C-D468-4A28-BB36-698DB5EC8C20}"
EndProject
Project("{2150E333-8FDC-42A3-9474-1A3956D46DE8}") = "Applications", "Applications", "{8828B4DF-D0C9-4685-BC9C-E09C0FC90020}"
EndProject
Project("{FAE04EC0-301F-11D3-BF4B-00C04F79EFBC}") = "DiscId.net20", "DiscId\DiscId.net20.csproj", "{401FF06E-8724-4976-9946-DE3424A1C820}"
EndProject
Project("{2150E333-8FDC-42A3-9474-1A3956D46DE8}") = "Libraries", "Libraries", "{D8123B46-C027-4749-BB82-0196D058B820}"
EndProject
Project("{FAE04EC0-301F-11D3-BF4B-00C04F79EFBC}") = "MetaBrainz.MusicBrainz.net20", "MetaBrainz.MusicBrainz\MetaBrainz.MusicBrainz.net20.csproj", "{662BD624-2529-405F-9AC5-925C4401FB20}"
EndProject
Project("{FAE04EC0-301F-11D3-BF4B-00C04F79EFBC}") = "MetaBrainz.MusicBrainz.CoverArt.net20", "MetaBrainz.MusicBrainz.CoverArt\MetaBrainz.MusicBrainz.CoverArt.net20.csproj", "{59B631FF-FF1E-40B6-BA82-12FEB35C2A20}"
EndProject
Project("{FAE04EC0-301F-11D3-BF4B-00C04F79EFBC}") = "MetaBrainz.MusicBrainz.DiscId.net20", "MetaBrainz.MusicBrainz.DiscId\MetaBrainz.MusicBrainz.DiscId.net20.csproj", "{0686B2DB-E960-4602-B2FC-6747C6AB4820}"
EndProject
Project("{2150E333-8FDC-42A3-9474-1A3956D46DE8}") = ".NET 3.5", ".NET 3.5", "{B27B775C-D468-4A28-BB36-698DB5EC8C35}"
EndProject
Project("{2150E333-8FDC-42A3-9474-1A3956D46DE8}") = "Applications", "Applications", "{8828B4DF-D0C9-4685-BC9C-E09C0FC90035}"
EndProject
Project("{FAE04EC0-301F-11D3-BF4B-00C04F79EFBC}") = "DiscId.net35", "DiscId\DiscId.net35.csproj", "{401FF06E-8724-4976-9946-DE3424A1C835}"
EndProject
Project("{2150E333-8FDC-42A3-9474-1A3956D46DE8}") = "Libraries", "Libraries", "{D8123B46-C027-4749-BB82-0196D058B835}"
EndProject
Project("{FAE04EC0-301F-11D3-BF4B-00C04F79EFBC}") = "MetaBrainz.MusicBrainz.net35", "MetaBrainz.MusicBrainz\MetaBrainz.MusicBrainz.net35.csproj", "{662BD624-2529-405F-9AC5-925C4401FB35}"
EndProject
Project("{FAE04EC0-301F-11D3-BF4B-00C04F79EFBC}") = "MetaBrainz.MusicBrainz.CoverArt.net35", "MetaBrainz.MusicBrainz.CoverArt\MetaBrainz.MusicBrainz.CoverArt.net35.csproj", "{59B631FF-FF1E-40B6-BA82-12FEB35C2A35}"
EndProject
Project("{FAE04EC0-301F-11D3-BF4B-00C04F79EFBC}") = "MetaBrainz.MusicBrainz.DiscId.net35", "MetaBrainz.MusicBrainz.DiscId\MetaBrainz.MusicBrainz.DiscId.net35.csproj", "{0686B2DB-E960-4602-B2FC-6747C6AB4835}"
EndProject
Project("{2150E333-8FDC-42A3-9474-1A3956D46DE8}") = ".NET 4.0", ".NET 4.0", "{B27B775C-D468-4A28-BB36-698DB5EC8C40}"
EndProject
Project("{2150E333-8FDC-42A3-9474-1A3956D46DE8}") = "Applications", "Applications", "{8828B4DF-D0C9-4685-BC9C-E09C0FC90040}"
EndProject
Project("{FAE04EC0-301F-11D3-BF4B-00C04F79EFBC}") = "DiscId.net40", "DiscId\DiscId.net40.csproj", "{401FF06E-8724-4976-9946-DE3424A1C840}"
EndProject
Project("{2150E333-8FDC-42A3-9474-1A3956D46DE8}") = "Libraries", "Libraries", "{D8123B46-C027-4749-BB82-0196D058B840}"
EndProject
Project("{FAE04EC0-301F-11D3-BF4B-00C04F79EFBC}") = "MetaBrainz.MusicBrainz.net40", "MetaBrainz.MusicBrainz\MetaBrainz.MusicBrainz.net40.csproj", "{662BD624-2529-405F-9AC5-925C4401FB40}"
EndProject
Project("{FAE04EC0-301F-11D3-BF4B-00C04F79EFBC}") = "MetaBrainz.MusicBrainz.CoverArt.net40", "MetaBrainz.MusicBrainz.CoverArt\MetaBrainz.MusicBrainz.CoverArt.net40.csproj", "{59B631FF-FF1E-40B6-BA82-12FEB35C2A40}"
EndProject
Project("{FAE04EC0-301F-11D3-BF4B-00C04F79EFBC}") = "MetaBrainz.MusicBrainz.DiscId.net40", "MetaBrainz.MusicBrainz.DiscId\MetaBrainz.MusicBrainz.DiscId.net40.csproj", "{0686B2DB-E960-4602-B2FC-6747C6AB4840}"
EndProject
Project("{2150E333-8FDC-42A3-9474-1A3956D46DE8}") = ".NET 4.5", ".NET 4.5", "{B27B775C-D468-4A28-BB36-698DB5EC8C45}"
EndProject
Project("{2150E333-8FDC-42A3-9474-1A3956D46DE8}") = "Applications", "Applications", "{8828B4DF-D0C9-4685-BC9C-E09C0FC90045}"
EndProject
Project("{FAE04EC0-301F-11D3-BF4B-00C04F79EFBC}") = "DiscId.net45", "DiscId\DiscId.net45.csproj", "{401FF06E-8724-4976-9946-DE3424A1C845}"
EndProject
Project("{2150E333-8FDC-42A3-9474-1A3956D46DE8}") = "Libraries", "Libraries", "{D8123B46-C027-4749-BB82-0196D058B845}"
EndProject
Project("{FAE04EC0-301F-11D3-BF4B-00C04F79EFBC}") = "MetaBrainz.MusicBrainz.net45", "MetaBrainz.MusicBrainz\MetaBrainz.MusicBrainz.net45.csproj", "{662BD624-2529-405F-9AC5-925C4401FB45}"
EndProject
Project("{FAE04EC0-301F-11D3-BF4B-00C04F79EFBC}") = "MetaBrainz.MusicBrainz.CoverArt.net45", "MetaBrainz.MusicBrainz.CoverArt\MetaBrainz.MusicBrainz.CoverArt.net45.csproj", "{59B631FF-FF1E-40B6-BA82-12FEB35C2A45}"
EndProject
Project("{FAE04EC0-301F-11D3-BF4B-00C04F79EFBC}") = "MetaBrainz.MusicBrainz.DiscId.net45", "MetaBrainz.MusicBrainz.DiscId\MetaBrainz.MusicBrainz.DiscId.net45.csproj", "{0686B2DB-E960-4602-B2FC-6747C6AB4845}"
EndProject
Project("{2150E333-8FDC-42A3-9474-1A3956D46DE8}") = "Support Files", "Support Files", "{F997B31A-CF25-4C63-BEB5-172F7E13D9B3}"
	ProjectSection(SolutionItems) = preProject
		.travis.yml = .travis.yml
		build\Common.msprop = build\Common.msprop
		build\FrameworkVersion.DefineConstants.msprop = build\FrameworkVersion.DefineConstants.msprop
		nuget\nuget.msprop = nuget\nuget.msprop
		nuget\nuget.targets = nuget\nuget.targets
		README.md = README.md
	EndProjectSection
EndProject
Global
	GlobalSection(SolutionConfigurationPlatforms) = preSolution
		Debug|Any CPU = Debug|Any CPU
		Release|Any CPU = Release|Any CPU
	EndGlobalSection
	GlobalSection(ProjectConfigurationPlatforms) = postSolution
		{401FF06E-8724-4976-9946-DE3424A1C820}.Debug|Any CPU.ActiveCfg = Debug|Any CPU
		{401FF06E-8724-4976-9946-DE3424A1C820}.Debug|Any CPU.Build.0 = Debug|Any CPU
		{401FF06E-8724-4976-9946-DE3424A1C820}.Release|Any CPU.ActiveCfg = Release|Any CPU
		{401FF06E-8724-4976-9946-DE3424A1C820}.Release|Any CPU.Build.0 = Release|Any CPU
		{401FF06E-8724-4976-9946-DE3424A1C835}.Debug|Any CPU.ActiveCfg = Debug|Any CPU
		{401FF06E-8724-4976-9946-DE3424A1C835}.Debug|Any CPU.Build.0 = Debug|Any CPU
		{401FF06E-8724-4976-9946-DE3424A1C835}.Release|Any CPU.ActiveCfg = Release|Any CPU
		{401FF06E-8724-4976-9946-DE3424A1C835}.Release|Any CPU.Build.0 = Release|Any CPU
		{401FF06E-8724-4976-9946-DE3424A1C840}.Debug|Any CPU.ActiveCfg = Debug|Any CPU
		{401FF06E-8724-4976-9946-DE3424A1C840}.Debug|Any CPU.Build.0 = Debug|Any CPU
		{401FF06E-8724-4976-9946-DE3424A1C840}.Release|Any CPU.ActiveCfg = Release|Any CPU
		{401FF06E-8724-4976-9946-DE3424A1C840}.Release|Any CPU.Build.0 = Release|Any CPU
		{401FF06E-8724-4976-9946-DE3424A1C845}.Debug|Any CPU.ActiveCfg = Debug|Any CPU
		{401FF06E-8724-4976-9946-DE3424A1C845}.Debug|Any CPU.Build.0 = Debug|Any CPU
		{401FF06E-8724-4976-9946-DE3424A1C845}.Release|Any CPU.ActiveCfg = Release|Any CPU
		{401FF06E-8724-4976-9946-DE3424A1C845}.Release|Any CPU.Build.0 = Release|Any CPU
		{662BD624-2529-405F-9AC5-925C4401FB20}.Debug|Any CPU.ActiveCfg = Debug|Any CPU
		{662BD624-2529-405F-9AC5-925C4401FB20}.Debug|Any CPU.Build.0 = Debug|Any CPU
		{662BD624-2529-405F-9AC5-925C4401FB20}.Release|Any CPU.ActiveCfg = Release|Any CPU
		{662BD624-2529-405F-9AC5-925C4401FB20}.Release|Any CPU.Build.0 = Release|Any CPU
		{662BD624-2529-405F-9AC5-925C4401FB35}.Debug|Any CPU.ActiveCfg = Debug|Any CPU
		{662BD624-2529-405F-9AC5-925C4401FB35}.Debug|Any CPU.Build.0 = Debug|Any CPU
		{662BD624-2529-405F-9AC5-925C4401FB35}.Release|Any CPU.ActiveCfg = Release|Any CPU
		{662BD624-2529-405F-9AC5-925C4401FB35}.Release|Any CPU.Build.0 = Release|Any CPU
		{662BD624-2529-405F-9AC5-925C4401FB40}.Debug|Any CPU.ActiveCfg = Debug|Any CPU
		{662BD624-2529-405F-9AC5-925C4401FB40}.Debug|Any CPU.Build.0 = Debug|Any CPU
		{662BD624-2529-405F-9AC5-925C4401FB40}.Release|Any CPU.ActiveCfg = Release|Any CPU
		{662BD624-2529-405F-9AC5-925C4401FB40}.Release|Any CPU.Build.0 = Release|Any CPU
		{662BD624-2529-405F-9AC5-925C4401FB45}.Debug|Any CPU.ActiveCfg = Debug|Any CPU
		{662BD624-2529-405F-9AC5-925C4401FB45}.Debug|Any CPU.Build.0 = Debug|Any CPU
		{662BD624-2529-405F-9AC5-925C4401FB45}.Release|Any CPU.ActiveCfg = Release|Any CPU
		{662BD624-2529-405F-9AC5-925C4401FB45}.Release|Any CPU.Build.0 = Release|Any CPU
		{59B631FF-FF1E-40B6-BA82-12FEB35C2A20}.Debug|Any CPU.ActiveCfg = Debug|Any CPU
		{59B631FF-FF1E-40B6-BA82-12FEB35C2A20}.Debug|Any CPU.Build.0 = Debug|Any CPU
		{59B631FF-FF1E-40B6-BA82-12FEB35C2A20}.Release|Any CPU.ActiveCfg = Release|Any CPU
		{59B631FF-FF1E-40B6-BA82-12FEB35C2A20}.Release|Any CPU.Build.0 = Release|Any CPU
		{59B631FF-FF1E-40B6-BA82-12FEB35C2A35}.Debug|Any CPU.ActiveCfg = Debug|Any CPU
		{59B631FF-FF1E-40B6-BA82-12FEB35C2A35}.Debug|Any CPU.Build.0 = Debug|Any CPU
		{59B631FF-FF1E-40B6-BA82-12FEB35C2A35}.Release|Any CPU.ActiveCfg = Release|Any CPU
		{59B631FF-FF1E-40B6-BA82-12FEB35C2A35}.Release|Any CPU.Build.0 = Release|Any CPU
		{59B631FF-FF1E-40B6-BA82-12FEB35C2A40}.Debug|Any CPU.ActiveCfg = Debug|Any CPU
		{59B631FF-FF1E-40B6-BA82-12FEB35C2A40}.Debug|Any CPU.Build.0 = Debug|Any CPU
		{59B631FF-FF1E-40B6-BA82-12FEB35C2A40}.Release|Any CPU.ActiveCfg = Release|Any CPU
		{59B631FF-FF1E-40B6-BA82-12FEB35C2A40}.Release|Any CPU.Build.0 = Release|Any CPU
		{59B631FF-FF1E-40B6-BA82-12FEB35C2A45}.Debug|Any CPU.ActiveCfg = Debug|Any CPU
		{59B631FF-FF1E-40B6-BA82-12FEB35C2A45}.Debug|Any CPU.Build.0 = Debug|Any CPU
		{59B631FF-FF1E-40B6-BA82-12FEB35C2A45}.Release|Any CPU.ActiveCfg = Release|Any CPU
		{59B631FF-FF1E-40B6-BA82-12FEB35C2A45}.Release|Any CPU.Build.0 = Release|Any CPU
		{0686B2DB-E960-4602-B2FC-6747C6AB4820}.Debug|Any CPU.ActiveCfg = Debug|Any CPU
		{0686B2DB-E960-4602-B2FC-6747C6AB4820}.Debug|Any CPU.Build.0 = Debug|Any CPU
		{0686B2DB-E960-4602-B2FC-6747C6AB4820}.Release|Any CPU.ActiveCfg = Release|Any CPU
		{0686B2DB-E960-4602-B2FC-6747C6AB4820}.Release|Any CPU.Build.0 = Release|Any CPU
		{0686B2DB-E960-4602-B2FC-6747C6AB4835}.Debug|Any CPU.ActiveCfg = Debug|Any CPU
		{0686B2DB-E960-4602-B2FC-6747C6AB4835}.Debug|Any CPU.Build.0 = Debug|Any CPU
		{0686B2DB-E960-4602-B2FC-6747C6AB4835}.Release|Any CPU.ActiveCfg = Release|Any CPU
		{0686B2DB-E960-4602-B2FC-6747C6AB4835}.Release|Any CPU.Build.0 = Release|Any CPU
		{0686B2DB-E960-4602-B2FC-6747C6AB4840}.Debug|Any CPU.ActiveCfg = Debug|Any CPU
		{0686B2DB-E960-4602-B2FC-6747C6AB4840}.Debug|Any CPU.Build.0 = Debug|Any CPU
		{0686B2DB-E960-4602-B2FC-6747C6AB4840}.Release|Any CPU.ActiveCfg = Release|Any CPU
		{0686B2DB-E960-4602-B2FC-6747C6AB4840}.Release|Any CPU.Build.0 = Release|Any CPU
		{0686B2DB-E960-4602-B2FC-6747C6AB4845}.Debug|Any CPU.ActiveCfg = Debug|Any CPU
		{0686B2DB-E960-4602-B2FC-6747C6AB4845}.Debug|Any CPU.Build.0 = Debug|Any CPU
		{0686B2DB-E960-4602-B2FC-6747C6AB4845}.Release|Any CPU.ActiveCfg = Release|Any CPU
		{0686B2DB-E960-4602-B2FC-6747C6AB4845}.Release|Any CPU.Build.0 = Release|Any CPU
	EndGlobalSection
	GlobalSection(SolutionProperties) = preSolution
		HideSolutionNode = FALSE
	EndGlobalSection
	GlobalSection(NestedProjects) = preSolution
		{8828B4DF-D0C9-4685-BC9C-E09C0FC90020} = {B27B775C-D468-4A28-BB36-698DB5EC8C20}
		{401FF06E-8724-4976-9946-DE3424A1C820} = {8828B4DF-D0C9-4685-BC9C-E09C0FC90020}
		{D8123B46-C027-4749-BB82-0196D058B820} = {B27B775C-D468-4A28-BB36-698DB5EC8C20}
		{662BD624-2529-405F-9AC5-925C4401FB20} = {D8123B46-C027-4749-BB82-0196D058B820}
		{59B631FF-FF1E-40B6-BA82-12FEB35C2A20} = {D8123B46-C027-4749-BB82-0196D058B820}
		{0686B2DB-E960-4602-B2FC-6747C6AB4820} = {D8123B46-C027-4749-BB82-0196D058B820}
		{8828B4DF-D0C9-4685-BC9C-E09C0FC90035} = {B27B775C-D468-4A28-BB36-698DB5EC8C35}
		{401FF06E-8724-4976-9946-DE3424A1C835} = {8828B4DF-D0C9-4685-BC9C-E09C0FC90035}
		{D8123B46-C027-4749-BB82-0196D058B835} = {B27B775C-D468-4A28-BB36-698DB5EC8C35}
		{662BD624-2529-405F-9AC5-925C4401FB35} = {D8123B46-C027-4749-BB82-0196D058B835}
		{59B631FF-FF1E-40B6-BA82-12FEB35C2A35} = {D8123B46-C027-4749-BB82-0196D058B835}
		{0686B2DB-E960-4602-B2FC-6747C6AB4835} = {D8123B46-C027-4749-BB82-0196D058B835}
		{8828B4DF-D0C9-4685-BC9C-E09C0FC90040} = {B27B775C-D468-4A28-BB36-698DB5EC8C40}
		{401FF06E-8724-4976-9946-DE3424A1C840} = {8828B4DF-D0C9-4685-BC9C-E09C0FC90040}
		{D8123B46-C027-4749-BB82-0196D058B840} = {B27B775C-D468-4A28-BB36-698DB5EC8C40}
		{662BD624-2529-405F-9AC5-925C4401FB40} = {D8123B46-C027-4749-BB82-0196D058B840}
		{59B631FF-FF1E-40B6-BA82-12FEB35C2A40} = {D8123B46-C027-4749-BB82-0196D058B840}
		{0686B2DB-E960-4602-B2FC-6747C6AB4840} = {D8123B46-C027-4749-BB82-0196D058B840}
		{8828B4DF-D0C9-4685-BC9C-E09C0FC90045} = {B27B775C-D468-4A28-BB36-698DB5EC8C45}
		{401FF06E-8724-4976-9946-DE3424A1C845} = {8828B4DF-D0C9-4685-BC9C-E09C0FC90045}
		{D8123B46-C027-4749-BB82-0196D058B845} = {B27B775C-D468-4A28-BB36-698DB5EC8C45}
		{662BD624-2529-405F-9AC5-925C4401FB45} = {D8123B46-C027-4749-BB82-0196D058B845}
		{59B631FF-FF1E-40B6-BA82-12FEB35C2A45} = {D8123B46-C027-4749-BB82-0196D058B845}
		{0686B2DB-E960-4602-B2FC-6747C6AB4845} = {D8123B46-C027-4749-BB82-0196D058B845}
	EndGlobalSection
EndGlobal
